
Microsoft Visual Studio Solution File, Format Version 12.00
# Visual Studio Version 16
VisualStudioVersion = 16.0.30621.155
MinimumVisualStudioVersion = 10.0.40219.1
Project("{FAE04EC0-301F-11D3-BF4B-00C04F79EFBC}") = "StandaloneGeneratorV3", "StandaloneGeneratorV3.csproj", "{3D4BCEB8-F15B-4BDD-BAC9-7A17632DFC69}"
EndProject
Global
	GlobalSection(SolutionConfigurationPlatforms) = preSolution
		Debug|Any CPU = Debug|Any CPU
		Release|Any CPU = Release|Any CPU
	EndGlobalSection
	GlobalSection(ProjectConfigurationPlatforms) = postSolution
		{3D4BCEB8-F15B-4BDD-BAC9-7A17632DFC69}.Debug|Any CPU.ActiveCfg = Debug|Any CPU
		{3D4BCEB8-F15B-4BDD-BAC9-7A17632DFC69}.Debug|Any CPU.Build.0 = Debug|Any CPU
		{3D4BCEB8-F15B-4BDD-BAC9-7A17632DFC69}.Release|Any CPU.ActiveCfg = Release|Any CPU
		{3D4BCEB8-F15B-4BDD-BAC9-7A17632DFC69}.Release|Any CPU.Build.0 = Release|Any CPU
	EndGlobalSection
	GlobalSection(SolutionProperties) = preSolution
		HideSolutionNode = FALSE
	EndGlobalSection
	GlobalSection(ExtensibilityGlobals) = postSolution
		SolutionGuid = {62F65EDB-68F1-46D1-AD0A-68EA97768107}
	EndGlobalSection
EndGlobal
